{
  "name": "@samrobbins/typography",
  "version": "1.0.0",
  "lockfileVersion": 1,
  "requires": true,
  "dependencies": {
    "@tailwindcss/typography": {
      "version": "0.3.1",
      "resolved": "https://registry.npmjs.org/@tailwindcss/typography/-/typography-0.3.1.tgz",
      "integrity": "sha512-HyZ+3Eay8SGaPq7kcFoANZLr4EjeXQ19yjjb9fp6B0PHHpvZoe00jdsnpnooMEbx9J5rQ93nxPUG3MQmXVxGMQ=="
    }
  }
}
